
Microsoft Visual Studio Solution File, Format Version 12.00
# Visual Studio Version 16
VisualStudioVersion = 16.0.29509.3
MinimumVisualStudioVersion = 10.0.40219.1
Project("{FAE04EC0-301F-11D3-BF4B-00C04F79EFBC}") = "Test2", "Test2.csproj", "{CF42F591-AB13-4C52-AAA0-26BF60AFADA8}"
EndProject
Global
	GlobalSection(SolutionConfigurationPlatforms) = preSolution
		Debug|Any CPU = Debug|Any CPU
		Release|Any CPU = Release|Any CPU
	EndGlobalSection
	GlobalSection(ProjectConfigurationPlatforms) = postSolution
		{CF42F591-AB13-4C52-AAA0-26BF60AFADA8}.Debug|Any CPU.ActiveCfg = Debug|Any CPU
		{CF42F591-AB13-4C52-AAA0-26BF60AFADA8}.Debug|Any CPU.Build.0 = Debug|Any CPU
		{CF42F591-AB13-4C52-AAA0-26BF60AFADA8}.Release|Any CPU.ActiveCfg = Release|Any CPU
		{CF42F591-AB13-4C52-AAA0-26BF60AFADA8}.Release|Any CPU.Build.0 = Release|Any CPU
	EndGlobalSection
	GlobalSection(SolutionProperties) = preSolution
		HideSolutionNode = FALSE
	EndGlobalSection
	GlobalSection(ExtensibilityGlobals) = postSolution
		SolutionGuid = {961E2F2A-0570-4E37-B19C-678842AEE35A}
	EndGlobalSection
EndGlobal
